
Microsoft Visual Studio Solution File, Format Version 12.00
# Visual Studio Version 17
VisualStudioVersion = 17.5.002.0
MinimumVisualStudioVersion = 10.0.40219.1
Project("{9A19103F-16F7-4668-BE54-9A1E7A4F7556}") = "p0204", "p0204.csproj", "{CF068432-67E7-4335-94AC-D31A40153CBA}"
EndProject
Global
	GlobalSection(SolutionConfigurationPlatforms) = preSolution
		Debug|Any CPU = Debug|Any CPU
		Release|Any CPU = Release|Any CPU
	EndGlobalSection
	GlobalSection(ProjectConfigurationPlatforms) = postSolution
		{CF068432-67E7-4335-94AC-D31A40153CBA}.Debug|Any CPU.ActiveCfg = Debug|Any CPU
		{CF068432-67E7-4335-94AC-D31A40153CBA}.Debug|Any CPU.Build.0 = Debug|Any CPU
		{CF068432-67E7-4335-94AC-D31A40153CBA}.Release|Any CPU.ActiveCfg = Release|Any CPU
		{CF068432-67E7-4335-94AC-D31A40153CBA}.Release|Any CPU.Build.0 = Release|Any CPU
	EndGlobalSection
	GlobalSection(SolutionProperties) = preSolution
		HideSolutionNode = FALSE
	EndGlobalSection
	GlobalSection(ExtensibilityGlobals) = postSolution
		SolutionGuid = {2D113CA6-32D2-4859-81E9-1C4B9976DFF9}
	EndGlobalSection
EndGlobal
